// !$*UTF8*$!
{
	archiveVersion = 1;
	classes = {
	};
	objectVersion = 46;
	objects = {

/* Begin PBXBuildFile section */
		89FC946F1D6C2B500079656F /* WMMenuItem.m in Sources */ = {isa = PBXBuildFile; fileRef = 89FC94651D6C2B500079656F /* WMMenuItem.m */; };
		89FC94701D6C2B500079656F /* WMMenuView.m in Sources */ = {isa = PBXBuildFile; fileRef = 89FC94671D6C2B500079656F /* WMMenuView.m */; };
		89FC94711D6C2B500079656F /* WMProgressView.m in Sources */ = {isa = PBXBuildFile; fileRef = 89FC94691D6C2B500079656F /* WMProgressView.m */; };
		89FC94721D6C2B500079656F /* WMScrollView.m in Sources */ = {isa = PBXBuildFile; fileRef = 89FC946B1D6C2B500079656F /* WMScrollView.m */; };
		89FC94731D6C2B500079656F /* WMPageController.m in Sources */ = {isa = PBXBuildFile; fileRef = 89FC946E1D6C2B500079656F /* WMPageController.m */; };
		89FC94771D6C32420079656F /* CheshiViewController.m in Sources */ = {isa = PBXBuildFile; fileRef = 89FC94751D6C32420079656F /* CheshiViewController.m */; };
		89FC94781D6C32420079656F /* CheshiViewController.xib in Resources */ = {isa = PBXBuildFile; fileRef = 89FC94761D6C32420079656F /* CheshiViewController.xib */; };
		89FC94BF1D6C36740079656F /* MJRefreshAutoFooter.m in Sources */ = {isa = PBXBuildFile; fileRef = 89FC94951D6C36740079656F /* MJRefreshAutoFooter.m */; };
		89FC94C01D6C36740079656F /* MJRefreshBackFooter.m in Sources */ = {isa = PBXBuildFile; fileRef = 89FC94971D6C36740079656F /* MJRefreshBackFooter.m */; };
		89FC94C11D6C36740079656F /* MJRefreshComponent.m in Sources */ = {isa = PBXBuildFile; fileRef = 89FC94991D6C36740079656F /* MJRefreshComponent.m */; };
		89FC94C21D6C36740079656F /* MJRefreshFooter.m in Sources */ = {isa = PBXBuildFile; fileRef = 89FC949B1D6C36740079656F /* MJRefreshFooter.m */; };
		89FC94C31D6C36740079656F /* MJRefreshHeader.m in Sources */ = {isa = PBXBuildFile; fileRef = 89FC949D1D6C36740079656F /* MJRefreshHeader.m */; };
		89FC94C41D6C36740079656F /* MJRefreshAutoGifFooter.m in Sources */ = {isa = PBXBuildFile; fileRef = 89FC94A21D6C36740079656F /* MJRefreshAutoGifFooter.m */; };
		89FC94C51D6C36740079656F /* MJRefreshAutoNormalFooter.m in Sources */ = {isa = PBXBuildFile; fileRef = 89FC94A41D6C36740079656F /* MJRefreshAutoNormalFooter.m */; };
		89FC94C61D6C36740079656F /* MJRefreshAutoStateFooter.m in Sources */ = {isa = PBXBuildFile; fileRef = 89FC94A61D6C36740079656F /* MJRefreshAutoStateFooter.m */; };
		89FC94C71D6C36740079656F /* MJRefreshBackGifFooter.m in Sources */ = {isa = PBXBuildFile; fileRef = 89FC94A91D6C36740079656F /* MJRefreshBackGifFooter.m */; };
		89FC94C81D6C36740079656F /* MJRefreshBackNormalFooter.m in Sources */ = {isa = PBXBuildFile; fileRef = 89FC94AB1D6C36740079656F /* MJRefreshBackNormalFooter.m */; };
		89FC94C91D6C36740079656F /* MJRefreshBackStateFooter.m in Sources */ = {isa = PBXBuildFile; fileRef = 89FC94AD1D6C36740079656F /* MJRefreshBackStateFooter.m */; };
		89FC94CA1D6C36740079656F /* MJRefreshGifHeader.m in Sources */ = {isa = PBXBuildFile; fileRef = 89FC94B01D6C36740079656F /* MJRefreshGifHeader.m */; };
		89FC94CB1D6C36740079656F /* MJRefreshNormalHeader.m in Sources */ = {isa = PBXBuildFile; fileRef = 89FC94B21D6C36740079656F /* MJRefreshNormalHeader.m */; };
		89FC94CC1D6C36740079656F /* MJRefreshStateHeader.m in Sources */ = {isa = PBXBuildFile; fileRef = 89FC94B41D6C36740079656F /* MJRefreshStateHeader.m */; };
		89FC94CD1D6C36740079656F /* MJRefresh.bundle in Resources */ = {isa = PBXBuildFile; fileRef = 89FC94B51D6C36740079656F /* MJRefresh.bundle */; };
		89FC94CE1D6C36740079656F /* MJRefreshConst.m in Sources */ = {isa = PBXBuildFile; fileRef = 89FC94B81D6C36740079656F /* MJRefreshConst.m */; };
		89FC94CF1D6C36740079656F /* UIScrollView+MJExtension.m in Sources */ = {isa = PBXBuildFile; fileRef = 89FC94BA1D6C36740079656F /* UIScrollView+MJExtension.m */; };
		89FC94D01D6C36740079656F /* UIScrollView+MJRefresh.m in Sources */ = {isa = PBXBuildFile; fileRef = 89FC94BC1D6C36740079656F /* UIScrollView+MJRefresh.m */; };
		89FC94D11D6C36740079656F /* UIView+MJExtension.m in Sources */ = {isa = PBXBuildFile; fileRef = 89FC94BE1D6C36740079656F /* UIView+MJExtension.m */; };
		B12FCEA81D405C920080B329 /* main.m in Sources */ = {isa = PBXBuildFile; fileRef = B12FCEA71D405C920080B329 /* main.m */; };
		B12FCEAB1D405C920080B329 /* AppDelegate.m in Sources */ = {isa = PBXBuildFile; fileRef = B12FCEAA1D405C920080B329 /* AppDelegate.m */; };
		B12FCEB11D405C930080B329 /* Main.storyboard in Resources */ = {isa = PBXBuildFile; fileRef = B12FCEAF1D405C930080B329 /* Main.storyboard */; };
		B12FCEB31D405C930080B329 /* Assets.xcassets in Resources */ = {isa = PBXBuildFile; fileRef = B12FCEB21D405C930080B329 /* Assets.xcassets */; };
		B12FCEB61D405C930080B329 /* LaunchScreen.storyboard in Resources */ = {isa = PBXBuildFile; fileRef = B12FCEB41D405C930080B329 /* LaunchScreen.storyboard */; };
		B13393B61D499E6200324F52 /* TAuditionCell.m in Sources */ = {isa = PBXBuildFile; fileRef = B133936F1D499E6100324F52 /* TAuditionCell.m */; };
		B13393B71D499E6200324F52 /* TAuditionCell.xib in Resources */ = {isa = PBXBuildFile; fileRef = B13393701D499E6100324F52 /* TAuditionCell.xib */; };
		B13393B81D499E6200324F52 /* TAuditionTableView.m in Sources */ = {isa = PBXBuildFile; fileRef = B13393721D499E6100324F52 /* TAuditionTableView.m */; };
		B13393B91D499E6200324F52 /* CourseDetailViewController.m in Sources */ = {isa = PBXBuildFile; fileRef = B13393761D499E6100324F52 /* CourseDetailViewController.m */; };
		B13393BA1D499E6200324F52 /* TCourseHeaderView.m in Sources */ = {isa = PBXBuildFile; fileRef = B13393781D499E6100324F52 /* TCourseHeaderView.m */; };
		B13393BB1D499E6200324F52 /* TEvaluateCell.m in Sources */ = {isa = PBXBuildFile; fileRef = B133937A1D499E6100324F52 /* TEvaluateCell.m */; };
		B13393BC1D499E6200324F52 /* TEvaluateCell.xib in Resources */ = {isa = PBXBuildFile; fileRef = B133937B1D499E6100324F52 /* TEvaluateCell.xib */; };
		B13393BE1D499E6200324F52 /* TCourseBottomView.m in Sources */ = {isa = PBXBuildFile; fileRef = B133937F1D499E6100324F52 /* TCourseBottomView.m */; };
		B13393BF1D499E6200324F52 /* LWLDetailScrollView.m in Sources */ = {isa = PBXBuildFile; fileRef = B13393811D499E6100324F52 /* LWLDetailScrollView.m */; };
		B13393C01D499E6200324F52 /* TCourseNavHeaderView.m in Sources */ = {isa = PBXBuildFile; fileRef = B13393831D499E6100324F52 /* TCourseNavHeaderView.m */; };
		B13393C11D499E6200324F52 /* RKTagsView.m in Sources */ = {isa = PBXBuildFile; fileRef = B13393851D499E6100324F52 /* RKTagsView.m */; };
		B13393C21D499E6200324F52 /* SKTag.m in Sources */ = {isa = PBXBuildFile; fileRef = B13393881D499E6100324F52 /* SKTag.m */; };
		B13393C31D499E6200324F52 /* SKTagButton.m in Sources */ = {isa = PBXBuildFile; fileRef = B133938A1D499E6100324F52 /* SKTagButton.m */; };
		B13393C41D499E6200324F52 /* SKTagView.m in Sources */ = {isa = PBXBuildFile; fileRef = B133938C1D499E6100324F52 /* SKTagView.m */; };
		B13393C51D499E6200324F52 /* TCourseWebView.m in Sources */ = {isa = PBXBuildFile; fileRef = B133938E1D499E6100324F52 /* TCourseWebView.m */; };
		B13393C61D499E6200324F52 /* TagsFrame.m in Sources */ = {isa = PBXBuildFile; fileRef = B13393911D499E6100324F52 /* TagsFrame.m */; };
		B13393C71D499E6200324F52 /* TagsView.m in Sources */ = {isa = PBXBuildFile; fileRef = B13393931D499E6100324F52 /* TagsView.m */; };
		B13393C81D499E6200324F52 /* TagsHedarView.m in Sources */ = {isa = PBXBuildFile; fileRef = B13393951D499E6100324F52 /* TagsHedarView.m */; };
		B13393C91D499E6200324F52 /* UIColor+Hex.m in Sources */ = {isa = PBXBuildFile; fileRef = B13393971D499E6100324F52 /* UIColor+Hex.m */; };
		B13393CA1D499E6200324F52 /* UIView+Additions.m in Sources */ = {isa = PBXBuildFile; fileRef = B13393991D499E6100324F52 /* UIView+Additions.m */; };
		B13393CB1D499E6200324F52 /* Info.plist in Resources */ = {isa = PBXBuildFile; fileRef = B133939C1D499E6100324F52 /* Info.plist */; };
		B13393CC1D499E6200324F52 /* MASCompositeConstraint.m in Sources */ = {isa = PBXBuildFile; fileRef = B133939E1D499E6100324F52 /* MASCompositeConstraint.m */; };
		B13393CD1D499E6200324F52 /* MASConstraint.m in Sources */ = {isa = PBXBuildFile; fileRef = B13393A11D499E6100324F52 /* MASConstraint.m */; };
		B13393CE1D499E6200324F52 /* MASConstraintMaker.m in Sources */ = {isa = PBXBuildFile; fileRef = B13393A31D499E6100324F52 /* MASConstraintMaker.m */; };
		B13393CF1D499E6200324F52 /* MASLayoutConstraint.m in Sources */ = {isa = PBXBuildFile; fileRef = B13393A51D499E6100324F52 /* MASLayoutConstraint.m */; };
		B13393D01D499E6200324F52 /* MASViewAttribute.m in Sources */ = {isa = PBXBuildFile; fileRef = B13393A91D499E6100324F52 /* MASViewAttribute.m */; };
		B13393D11D499E6200324F52 /* MASViewConstraint.m in Sources */ = {isa = PBXBuildFile; fileRef = B13393AB1D499E6200324F52 /* MASViewConstraint.m */; };
		B13393D21D499E6200324F52 /* NSArray+MASAdditions.m in Sources */ = {isa = PBXBuildFile; fileRef = B13393AD1D499E6200324F52 /* NSArray+MASAdditions.m */; };
		B13393D31D499E6200324F52 /* NSLayoutConstraint+MASDebugAdditions.m in Sources */ = {isa = PBXBuildFile; fileRef = B13393B01D499E6200324F52 /* NSLayoutConstraint+MASDebugAdditions.m */; };
		B13393D41D499E6200324F52 /* View+MASAdditions.m in Sources */ = {isa = PBXBuildFile; fileRef = B13393B21D499E6200324F52 /* View+MASAdditions.m */; };
		B13393D51D499E6200324F52 /* ViewController+MASAdditions.m in Sources */ = {isa = PBXBuildFile; fileRef = B13393B51D499E6200324F52 /* ViewController+MASAdditions.m */; };
		B1E648BC1D4EE23800544631 /* TEvaluateTagCell.m in Sources */ = {isa = PBXBuildFile; fileRef = B1E648BA1D4EE23800544631 /* TEvaluateTagCell.m */; };
		B1E648BD1D4EE23800544631 /* TEvaluateTagCell.xib in Resources */ = {isa = PBXBuildFile; fileRef = B1E648BB1D4EE23800544631 /* TEvaluateTagCell.xib */; };
		B1E648C71D4EE62E00544631 /* UITableView+FDIndexPathHeightCache.m in Sources */ = {isa = PBXBuildFile; fileRef = B1E648C01D4EE62E00544631 /* UITableView+FDIndexPathHeightCache.m */; };
		B1E648C81D4EE62E00544631 /* UITableView+FDKeyedHeightCache.m in Sources */ = {isa = PBXBuildFile; fileRef = B1E648C21D4EE62E00544631 /* UITableView+FDKeyedHeightCache.m */; };
		B1E648C91D4EE62E00544631 /* UITableView+FDTemplateLayoutCell.m in Sources */ = {isa = PBXBuildFile; fileRef = B1E648C41D4EE62E00544631 /* UITableView+FDTemplateLayoutCell.m */; };
		B1E648CA1D4EE62E00544631 /* UITableView+FDTemplateLayoutCellDebug.m in Sources */ = {isa = PBXBuildFile; fileRef = B1E648C61D4EE62E00544631 /* UITableView+FDTemplateLayoutCellDebug.m */; };
		B1E648CE1D4F1B1800544631 /* RKTagsCell.m in Sources */ = {isa = PBXBuildFile; fileRef = B1E648CC1D4F1B1800544631 /* RKTagsCell.m */; };
		B1E648CF1D4F1B1800544631 /* RKTagsCell.xib in Resources */ = {isa = PBXBuildFile; fileRef = B1E648CD1D4F1B1800544631 /* RKTagsCell.xib */; };
		B1E648D21D4F24EA00544631 /* RKCustomButton.m in Sources */ = {isa = PBXBuildFile; fileRef = B1E648D11D4F24EA00544631 /* RKCustomButton.m */; };
		B1E6BC341D518598001CFE76 /* ZLCWebView.m in Sources */ = {isa = PBXBuildFile; fileRef = B1E6BC331D518598001CFE76 /* ZLCWebView.m */; };
		B1E6BC371D51C516001CFE76 /* TEvaluateTableView.m in Sources */ = {isa = PBXBuildFile; fileRef = B1E6BC361D51C516001CFE76 /* TEvaluateTableView.m */; };
		B1E6BC3A1D51DCA2001CFE76 /* FJSlidingController.m in Sources */ = {isa = PBXBuildFile; fileRef = B1E6BC391D51DCA2001CFE76 /* FJSlidingController.m */; };
		B1E6BC3E1D51E37E001CFE76 /* TCourseDetailController.m in Sources */ = {isa = PBXBuildFile; fileRef = B1E6BC3C1D51E37E001CFE76 /* TCourseDetailController.m */; };
		B1E6BC3F1D51E37E001CFE76 /* TCourseDetailController.xib in Resources */ = {isa = PBXBuildFile; fileRef = B1E6BC3D1D51E37E001CFE76 /* TCourseDetailController.xib */; };
		B1E6BC431D51E3B2001CFE76 /* TAuditionViewController.m in Sources */ = {isa = PBXBuildFile; fileRef = B1E6BC411D51E3B2001CFE76 /* TAuditionViewController.m */; };
		B1E6BC441D51E3B2001CFE76 /* TAuditionViewController.xib in Resources */ = {isa = PBXBuildFile; fileRef = B1E6BC421D51E3B2001CFE76 /* TAuditionViewController.xib */; };
		B1E6BC481D51E3CB001CFE76 /* TEvaluateViewController.m in Sources */ = {isa = PBXBuildFile; fileRef = B1E6BC461D51E3CB001CFE76 /* TEvaluateViewController.m */; };
		B1E6BC491D51E3CB001CFE76 /* TEvaluateViewController.xib in Resources */ = {isa = PBXBuildFile; fileRef = B1E6BC471D51E3CB001CFE76 /* TEvaluateViewController.xib */; };
/* End PBXBuildFile section */

/* Begin PBXFileReference section */
		89FC94641D6C2B500079656F /* WMMenuItem.h */ = {isa = PBXFileReference; fileEncoding = 4; lastKnownFileType = sourcecode.c.h; path = WMMenuItem.h; sourceTree = "<group>"; };
		89FC94651D6C2B500079656F /* WMMenuItem.m */ = {isa = PBXFileReference; fileEncoding = 4; lastKnownFileType = sourcecode.c.objc; path = WMMenuItem.m; sourceTree = "<group>"; };
		89FC94661D6C2B500079656F /* WMMenuView.h */ = {isa = PBXFileReference; fileEncoding = 4; lastKnownFileType = sourcecode.c.h; path = WMMenuView.h; sourceTree = "<group>"; };
		89FC94671D6C2B500079656F /* WMMenuView.m */ = {isa = PBXFileReference; fileEncoding = 4; lastKnownFileType = sourcecode.c.objc; path = WMMenuView.m; sourceTree = "<group>"; };
		89FC94681D6C2B500079656F /* WMProgressView.h */ = {isa = PBXFileReference; fileEncoding = 4; lastKnownFileType = sourcecode.c.h; path = WMProgressView.h; sourceTree = "<group>"; };
		89FC94691D6C2B500079656F /* WMProgressView.m */ = {isa = PBXFileReference; fileEncoding = 4; lastKnownFileType = sourcecode.c.objc; path = WMProgressView.m; sourceTree = "<group>"; };
		89FC946A1D6C2B500079656F /* WMScrollView.h */ = {isa = PBXFileReference; fileEncoding = 4; lastKnownFileType = sourcecode.c.h; path = WMScrollView.h; sourceTree = "<group>"; };
		89FC946B1D6C2B500079656F /* WMScrollView.m */ = {isa = PBXFileReference; fileEncoding = 4; lastKnownFileType = sourcecode.c.objc; path = WMScrollView.m; sourceTree = "<group>"; };
		89FC946C1D6C2B500079656F /* WMPageConst.h */ = {isa = PBXFileReference; fileEncoding = 4; lastKnownFileType = sourcecode.c.h; path = WMPageConst.h; sourceTree = "<group>"; };
		89FC946D1D6C2B500079656F /* WMPageController.h */ = {isa = PBXFileReference; fileEncoding = 4; lastKnownFileType = sourcecode.c.h; path = WMPageController.h; sourceTree = "<group>"; };
		89FC946E1D6C2B500079656F /* WMPageController.m */ = {isa = PBXFileReference; fileEncoding = 4; lastKnownFileType = sourcecode.c.objc; path = WMPageController.m; sourceTree = "<group>"; };
		89FC94741D6C32420079656F /* CheshiViewController.h */ = {isa = PBXFileReference; fileEncoding = 4; lastKnownFileType = sourcecode.c.h; path = CheshiViewController.h; sourceTree = "<group>"; };
		89FC94751D6C32420079656F /* CheshiViewController.m */ = {isa = PBXFileReference; fileEncoding = 4; lastKnownFileType = sourcecode.c.objc; path = CheshiViewController.m; sourceTree = "<group>"; };
		89FC94761D6C32420079656F /* CheshiViewController.xib */ = {isa = PBXFileReference; fileEncoding = 4; lastKnownFileType = file.xib; path = CheshiViewController.xib; sourceTree = "<group>"; };
		89FC94941D6C36740079656F /* MJRefreshAutoFooter.h */ = {isa = PBXFileReference; fileEncoding = 4; lastKnownFileType = sourcecode.c.h; path = MJRefreshAutoFooter.h; sourceTree = "<group>"; };
		89FC94951D6C36740079656F /* MJRefreshAutoFooter.m */ = {isa = PBXFileReference; fileEncoding = 4; lastKnownFileType = sourcecode.c.objc; path = MJRefreshAutoFooter.m; sourceTree = "<group>"; };
		89FC94961D6C36740079656F /* MJRefreshBackFooter.h */ = {isa = PBXFileReference; fileEncoding = 4; lastKnownFileType = sourcecode.c.h; path = MJRefreshBackFooter.h; sourceTree = "<group>"; };
		89FC94971D6C36740079656F /* MJRefreshBackFooter.m */ = {isa = PBXFileReference; fileEncoding = 4; lastKnownFileType = sourcecode.c.objc; path = MJRefreshBackFooter.m; sourceTree = "<group>"; };
		89FC94981D6C36740079656F /* MJRefreshComponent.h */ = {isa = PBXFileReference; fileEncoding = 4; lastKnownFileType = sourcecode.c.h; path = MJRefreshComponent.h; sourceTree = "<group>"; };
		89FC94991D6C36740079656F /* MJRefreshComponent.m */ = {isa = PBXFileReference; fileEncoding = 4; lastKnownFileType = sourcecode.c.objc; path = MJRefreshComponent.m; sourceTree = "<group>"; };
		89FC949A1D6C36740079656F /* MJRefreshFooter.h */ = {isa = PBXFileReference; fileEncoding = 4; lastKnownFileType = sourcecode.c.h; path = MJRefreshFooter.h; sourceTree = "<group>"; };
		89FC949B1D6C36740079656F /* MJRefreshFooter.m */ = {isa = PBXFileReference; fileEncoding = 4; lastKnownFileType = sourcecode.c.objc; path = MJRefreshFooter.m; sourceTree = "<group>"; };
		89FC949C1D6C36740079656F /* MJRefreshHeader.h */ = {isa = PBXFileReference; fileEncoding = 4; lastKnownFileType = sourcecode.c.h; path = MJRefreshHeader.h; sourceTree = "<group>"; };
		89FC949D1D6C36740079656F /* MJRefreshHeader.m */ = {isa = PBXFileReference; fileEncoding = 4; lastKnownFileType = sourcecode.c.objc; path = MJRefreshHeader.m; sourceTree = "<group>"; };
		89FC94A11D6C36740079656F /* MJRefreshAutoGifFooter.h */ = {isa = PBXFileReference; fileEncoding = 4; lastKnownFileType = sourcecode.c.h; path = MJRefreshAutoGifFooter.h; sourceTree = "<group>"; };
		89FC94A21D6C36740079656F /* MJRefreshAutoGifFooter.m */ = {isa = PBXFileReference; fileEncoding = 4; lastKnownFileType = sourcecode.c.objc; path = MJRefreshAutoGifFooter.m; sourceTree = "<group>"; };
		89FC94A31D6C36740079656F /* MJRefreshAutoNormalFooter.h */ = {isa = PBXFileReference; fileEncoding = 4; lastKnownFileType = sourcecode.c.h; path = MJRefreshAutoNormalFooter.h; sourceTree = "<group>"; };
		89FC94A41D6C36740079656F /* MJRefreshAutoNormalFooter.m */ = {isa = PBXFileReference; fileEncoding = 4; lastKnownFileType = sourcecode.c.objc; path = MJRefreshAutoNormalFooter.m; sourceTree = "<group>"; };
		89FC94A51D6C36740079656F /* MJRefreshAutoStateFooter.h */ = {isa = PBXFileReference; fileEncoding = 4; lastKnownFileType = sourcecode.c.h; path = MJRefreshAutoStateFooter.h; sourceTree = "<group>"; };
		89FC94A61D6C36740079656F /* MJRefreshAutoStateFooter.m */ = {isa = PBXFileReference; fileEncoding = 4; lastKnownFileType = sourcecode.c.objc; path = MJRefreshAutoStateFooter.m; sourceTree = "<group>"; };
		89FC94A81D6C36740079656F /* MJRefreshBackGifFooter.h */ = {isa = PBXFileReference; fileEncoding = 4; lastKnownFileType = sourcecode.c.h; path = MJRefreshBackGifFooter.h; sourceTree = "<group>"; };
		89FC94A91D6C36740079656F /* MJRefreshBackGifFooter.m */ = {isa = PBXFileReference; fileEncoding = 4; lastKnownFileType = sourcecode.c.objc; path = MJRefreshBackGifFooter.m; sourceTree = "<group>"; };
		89FC94AA1D6C36740079656F /* MJRefreshBackNormalFooter.h */ = {isa = PBXFileReference; fileEncoding = 4; lastKnownFileType = sourcecode.c.h; path = MJRefreshBackNormalFooter.h; sourceTree = "<group>"; };
		89FC94AB1D6C36740079656F /* MJRefreshBackNormalFooter.m */ = {isa = PBXFileReference; fileEncoding = 4; lastKnownFileType = sourcecode.c.objc; path = MJRefreshBackNormalFooter.m; sourceTree = "<group>"; };
		89FC94AC1D6C36740079656F /* MJRefreshBackStateFooter.h */ = {isa = PBXFileReference; fileEncoding = 4; lastKnownFileType = sourcecode.c.h; path = MJRefreshBackStateFooter.h; sourceTree = "<group>"; };
		89FC94AD1D6C36740079656F /* MJRefreshBackStateFooter.m */ = {isa = PBXFileReference; fileEncoding = 4; lastKnownFileType = sourcecode.c.objc; path = MJRefreshBackStateFooter.m; sourceTree = "<group>"; };
		89FC94AF1D6C36740079656F /* MJRefreshGifHeader.h */ = {isa = PBXFileReference; fileEncoding = 4; lastKnownFileType = sourcecode.c.h; path = MJRefreshGifHeader.h; sourceTree = "<group>"; };
		89FC94B01D6C36740079656F /* MJRefreshGifHeader.m */ = {isa = PBXFileReference; fileEncoding = 4; lastKnownFileType = sourcecode.c.objc; path = MJRefreshGifHeader.m; sourceTree = "<group>"; };
		89FC94B11D6C36740079656F /* MJRefreshNormalHeader.h */ = {isa = PBXFileReference; fileEncoding = 4; lastKnownFileType = sourcecode.c.h; path = MJRefreshNormalHeader.h; sourceTree = "<group>"; };
		89FC94B21D6C36740079656F /* MJRefreshNormalHeader.m */ = {isa = PBXFileReference; fileEncoding = 4; lastKnownFileType = sourcecode.c.objc; path = MJRefreshNormalHeader.m; sourceTree = "<group>"; };
		89FC94B31D6C36740079656F /* MJRefreshStateHeader.h */ = {isa = PBXFileReference; fileEncoding = 4; lastKnownFileType = sourcecode.c.h; path = MJRefreshStateHeader.h; sourceTree = "<group>"; };
		89FC94B41D6C36740079656F /* MJRefreshStateHeader.m */ = {isa = PBXFileReference; fileEncoding = 4; lastKnownFileType = sourcecode.c.objc; path = MJRefreshStateHeader.m; sourceTree = "<group>"; };
		89FC94B51D6C36740079656F /* MJRefresh.bundle */ = {isa = PBXFileReference; lastKnownFileType = "wrapper.plug-in"; path = MJRefresh.bundle; sourceTree = "<group>"; };
		89FC94B61D6C36740079656F /* MJRefresh.h */ = {isa = PBXFileReference; fileEncoding = 4; lastKnownFileType = sourcecode.c.h; path = MJRefresh.h; sourceTree = "<group>"; };
		89FC94B71D6C36740079656F /* MJRefreshConst.h */ = {isa = PBXFileReference; fileEncoding = 4; lastKnownFileType = sourcecode.c.h; path = MJRefreshConst.h; sourceTree = "<group>"; };
		89FC94B81D6C36740079656F /* MJRefreshConst.m */ = {isa = PBXFileReference; fileEncoding = 4; lastKnownFileType = sourcecode.c.objc; path = MJRefreshConst.m; sourceTree = "<group>"; };
		89FC94B91D6C36740079656F /* UIScrollView+MJExtension.h */ = {isa = PBXFileReference; fileEncoding = 4; lastKnownFileType = sourcecode.c.h; path = "UIScrollView+MJExtension.h"; sourceTree = "<group>"; };
		89FC94BA1D6C36740079656F /* UIScrollView+MJExtension.m */ = {isa = PBXFileReference; fileEncoding = 4; lastKnownFileType = sourcecode.c.objc; path = "UIScrollView+MJExtension.m"; sourceTree = "<group>"; };
		89FC94BB1D6C36740079656F /* UIScrollView+MJRefresh.h */ = {isa = PBXFileReference; fileEncoding = 4; lastKnownFileType = sourcecode.c.h; path = "UIScrollView+MJRefresh.h"; sourceTree = "<group>"; };
		89FC94BC1D6C36740079656F /* UIScrollView+MJRefresh.m */ = {isa = PBXFileReference; fileEncoding = 4; lastKnownFileType = sourcecode.c.objc; path = "UIScrollView+MJRefresh.m"; sourceTree = "<group>"; };
		89FC94BD1D6C36740079656F /* UIView+MJExtension.h */ = {isa = PBXFileReference; fileEncoding = 4; lastKnownFileType = sourcecode.c.h; path = "UIView+MJExtension.h"; sourceTree = "<group>"; };
		89FC94BE1D6C36740079656F /* UIView+MJExtension.m */ = {isa = PBXFileReference; fileEncoding = 4; lastKnownFileType = sourcecode.c.objc; path = "UIView+MJExtension.m"; sourceTree = "<group>"; };
		B12FCEA31D405C910080B329 /* T2TDemo.app */ = {isa = PBXFileReference; explicitFileType = wrapper.application; includeInIndex = 0; path = T2TDemo.app; sourceTree = BUILT_PRODUCTS_DIR; };
		B12FCEA71D405C920080B329 /* main.m */ = {isa = PBXFileReference; lastKnownFileType = sourcecode.c.objc; path = main.m; sourceTree = "<group>"; };
		B12FCEA91D405C920080B329 /* AppDelegate.h */ = {isa = PBXFileReference; lastKnownFileType = sourcecode.c.h; path = AppDelegate.h; sourceTree = "<group>"; };
		B12FCEAA1D405C920080B329 /* AppDelegate.m */ = {isa = PBXFileReference; lastKnownFileType = sourcecode.c.objc; path = AppDelegate.m; sourceTree = "<group>"; };
		B12FCEB01D405C930080B329 /* Base */ = {isa = PBXFileReference; lastKnownFileType = file.storyboard; name = Base; path = Base.lproj/Main.storyboard; sourceTree = "<group>"; };
		B12FCEB21D405C930080B329 /* Assets.xcassets */ = {isa = PBXFileReference; lastKnownFileType = folder.assetcatalog; path = Assets.xcassets; sourceTree = "<group>"; };
		B12FCEB51D405C930080B329 /* Base */ = {isa = PBXFileReference; lastKnownFileType = file.storyboard; name = Base; path = Base.lproj/LaunchScreen.storyboard; sourceTree = "<group>"; };
		B12FCEB71D405C930080B329 /* Info.plist */ = {isa = PBXFileReference; lastKnownFileType = text.plist.xml; path = Info.plist; sourceTree = "<group>"; };
		B133936E1D499E6100324F52 /* TAuditionCell.h */ = {isa = PBXFileReference; fileEncoding = 4; lastKnownFileType = sourcecode.c.h; path = TAuditionCell.h; sourceTree = "<group>"; };
		B133936F1D499E6100324F52 /* TAuditionCell.m */ = {isa = PBXFileReference; fileEncoding = 4; lastKnownFileType = sourcecode.c.objc; path = TAuditionCell.m; sourceTree = "<group>"; };
		B13393701D499E6100324F52 /* TAuditionCell.xib */ = {isa = PBXFileReference; fileEncoding = 4; lastKnownFileType = file.xib; path = TAuditionCell.xib; sourceTree = "<group>"; };
		B13393711D499E6100324F52 /* TAuditionTableView.h */ = {isa = PBXFileReference; fileEncoding = 4; lastKnownFileType = sourcecode.c.h; path = TAuditionTableView.h; sourceTree = "<group>"; };
		B13393721D499E6100324F52 /* TAuditionTableView.m */ = {isa = PBXFileReference; fileEncoding = 4; lastKnownFileType = sourcecode.c.objc; path = TAuditionTableView.m; sourceTree = "<group>"; };
		B13393731D499E6100324F52 /* Commom.h */ = {isa = PBXFileReference; fileEncoding = 4; lastKnownFileType = sourcecode.c.h; path = Commom.h; sourceTree = "<group>"; };
		B13393741D499E6100324F52 /* Constants.h */ = {isa = PBXFileReference; fileEncoding = 4; lastKnownFileType = sourcecode.c.h; path = Constants.h; sourceTree = "<group>"; };
		B13393751D499E6100324F52 /* CourseDetailViewController.h */ = {isa = PBXFileReference; fileEncoding = 4; lastKnownFileType = sourcecode.c.h; path = CourseDetailViewController.h; sourceTree = "<group>"; };
		B13393761D499E6100324F52 /* CourseDetailViewController.m */ = {isa = PBXFileReference; fileEncoding = 4; lastKnownFileType = sourcecode.c.objc; path = CourseDetailViewController.m; sourceTree = "<group>"; };
		B13393771D499E6100324F52 /* TCourseHeaderView.h */ = {isa = PBXFileReference; fileEncoding = 4; lastKnownFileType = sourcecode.c.h; path = TCourseHeaderView.h; sourceTree = "<group>"; };
		B13393781D499E6100324F52 /* TCourseHeaderView.m */ = {isa = PBXFileReference; fileEncoding = 4; lastKnownFileType = sourcecode.c.objc; path = TCourseHeaderView.m; sourceTree = "<group>"; };
		B13393791D499E6100324F52 /* TEvaluateCell.h */ = {isa = PBXFileReference; fileEncoding = 4; lastKnownFileType = sourcecode.c.h; path = TEvaluateCell.h; sourceTree = "<group>"; };
		B133937A1D499E6100324F52 /* TEvaluateCell.m */ = {isa = PBXFileReference; fileEncoding = 4; lastKnownFileType = sourcecode.c.objc; path = TEvaluateCell.m; sourceTree = "<group>"; };
		B133937B1D499E6100324F52 /* TEvaluateCell.xib */ = {isa = PBXFileReference; fileEncoding = 4; lastKnownFileType = file.xib; path = TEvaluateCell.xib; sourceTree = "<group>"; };
		B133937E1D499E6100324F52 /* TCourseBottomView.h */ = {isa = PBXFileReference; fileEncoding = 4; lastKnownFileType = sourcecode.c.h; path = TCourseBottomView.h; sourceTree = "<group>"; };
		B133937F1D499E6100324F52 /* TCourseBottomView.m */ = {isa = PBXFileReference; fileEncoding = 4; lastKnownFileType = sourcecode.c.objc; path = TCourseBottomView.m; sourceTree = "<group>"; };
		B13393801D499E6100324F52 /* LWLDetailScrollView.h */ = {isa = PBXFileReference; fileEncoding = 4; lastKnownFileType = sourcecode.c.h; path = LWLDetailScrollView.h; sourceTree = "<group>"; };
		B13393811D499E6100324F52 /* LWLDetailScrollView.m */ = {isa = PBXFileReference; fileEncoding = 4; lastKnownFileType = sourcecode.c.objc; path = LWLDetailScrollView.m; sourceTree = "<group>"; };
		B13393821D499E6100324F52 /* TCourseNavHeaderView.h */ = {isa = PBXFileReference; fileEncoding = 4; lastKnownFileType = sourcecode.c.h; path = TCourseNavHeaderView.h; sourceTree = "<group>"; };
		B13393831D499E6100324F52 /* TCourseNavHeaderView.m */ = {isa = PBXFileReference; fileEncoding = 4; lastKnownFileType = sourcecode.c.objc; path = TCourseNavHeaderView.m; sourceTree = "<group>"; };
		B13393841D499E6100324F52 /* RKTagsView.h */ = {isa = PBXFileReference; fileEncoding = 4; lastKnownFileType = sourcecode.c.h; path = RKTagsView.h; sourceTree = "<group>"; };
		B13393851D499E6100324F52 /* RKTagsView.m */ = {isa = PBXFileReference; fileEncoding = 4; lastKnownFileType = sourcecode.c.objc; path = RKTagsView.m; sourceTree = "<group>"; };
		B13393871D499E6100324F52 /* SKTag.h */ = {isa = PBXFileReference; fileEncoding = 4; lastKnownFileType = sourcecode.c.h; path = SKTag.h; sourceTree = "<group>"; };
		B13393881D499E6100324F52 /* SKTag.m */ = {isa = PBXFileReference; fileEncoding = 4; lastKnownFileType = sourcecode.c.objc; path = SKTag.m; sourceTree = "<group>"; };
		B13393891D499E6100324F52 /* SKTagButton.h */ = {isa = PBXFileReference; fileEncoding = 4; lastKnownFileType = sourcecode.c.h; path = SKTagButton.h; sourceTree = "<group>"; };
		B133938A1D499E6100324F52 /* SKTagButton.m */ = {isa = PBXFileReference; fileEncoding = 4; lastKnownFileType = sourcecode.c.objc; path = SKTagButton.m; sourceTree = "<group>"; };
		B133938B1D499E6100324F52 /* SKTagView.h */ = {isa = PBXFileReference; fileEncoding = 4; lastKnownFileType = sourcecode.c.h; path = SKTagView.h; sourceTree = "<group>"; };
		B133938C1D499E6100324F52 /* SKTagView.m */ = {isa = PBXFileReference; fileEncoding = 4; lastKnownFileType = sourcecode.c.objc; path = SKTagView.m; sourceTree = "<group>"; };
		B133938D1D499E6100324F52 /* TCourseWebView.h */ = {isa = PBXFileReference; fileEncoding = 4; lastKnownFileType = sourcecode.c.h; path = TCourseWebView.h; sourceTree = "<group>"; };
		B133938E1D499E6100324F52 /* TCourseWebView.m */ = {isa = PBXFileReference; fileEncoding = 4; lastKnownFileType = sourcecode.c.objc; path = TCourseWebView.m; sourceTree = "<group>"; };
		B13393901D499E6100324F52 /* TagsFrame.h */ = {isa = PBXFileReference; fileEncoding = 4; lastKnownFileType = sourcecode.c.h; path = TagsFrame.h; sourceTree = "<group>"; };
		B13393911D499E6100324F52 /* TagsFrame.m */ = {isa = PBXFileReference; fileEncoding = 4; lastKnownFileType = sourcecode.c.objc; path = TagsFrame.m; sourceTree = "<group>"; };
		B13393921D499E6100324F52 /* TagsView.h */ = {isa = PBXFileReference; fileEncoding = 4; lastKnownFileType = sourcecode.c.h; path = TagsView.h; sourceTree = "<group>"; };
		B13393931D499E6100324F52 /* TagsView.m */ = {isa = PBXFileReference; fileEncoding = 4; lastKnownFileType = sourcecode.c.objc; path = TagsView.m; sourceTree = "<group>"; };
		B13393941D499E6100324F52 /* TagsHedarView.h */ = {isa = PBXFileReference; fileEncoding = 4; lastKnownFileType = sourcecode.c.h; path = TagsHedarView.h; sourceTree = "<group>"; };
		B13393951D499E6100324F52 /* TagsHedarView.m */ = {isa = PBXFileReference; fileEncoding = 4; lastKnownFileType = sourcecode.c.objc; path = TagsHedarView.m; sourceTree = "<group>"; };
		B13393961D499E6100324F52 /* UIColor+Hex.h */ = {isa = PBXFileReference; fileEncoding = 4; lastKnownFileType = sourcecode.c.h; path = "UIColor+Hex.h"; sourceTree = "<group>"; };
		B13393971D499E6100324F52 /* UIColor+Hex.m */ = {isa = PBXFileReference; fileEncoding = 4; lastKnownFileType = sourcecode.c.objc; path = "UIColor+Hex.m"; sourceTree = "<group>"; };
		B13393981D499E6100324F52 /* UIView+Additions.h */ = {isa = PBXFileReference; fileEncoding = 4; lastKnownFileType = sourcecode.c.h; path = "UIView+Additions.h"; sourceTree = "<group>"; };
		B13393991D499E6100324F52 /* UIView+Additions.m */ = {isa = PBXFileReference; fileEncoding = 4; lastKnownFileType = sourcecode.c.objc; path = "UIView+Additions.m"; sourceTree = "<group>"; };
		B133939C1D499E6100324F52 /* Info.plist */ = {isa = PBXFileReference; fileEncoding = 4; lastKnownFileType = text.plist.xml; path = Info.plist; sourceTree = "<group>"; };
		B133939D1D499E6100324F52 /* MASCompositeConstraint.h */ = {isa = PBXFileReference; fileEncoding = 4; lastKnownFileType = sourcecode.c.h; path = MASCompositeConstraint.h; sourceTree = "<group>"; };
		B133939E1D499E6100324F52 /* MASCompositeConstraint.m */ = {isa = PBXFileReference; fileEncoding = 4; lastKnownFileType = sourcecode.c.objc; path = MASCompositeConstraint.m; sourceTree = "<group>"; };
		B133939F1D499E6100324F52 /* MASConstraint+Private.h */ = {isa = PBXFileReference; fileEncoding = 4; lastKnownFileType = sourcecode.c.h; path = "MASConstraint+Private.h"; sourceTree = "<group>"; };
		B13393A01D499E6100324F52 /* MASConstraint.h */ = {isa = PBXFileReference; fileEncoding = 4; lastKnownFileType = sourcecode.c.h; path = MASConstraint.h; sourceTree = "<group>"; };
		B13393A11D499E6100324F52 /* MASConstraint.m */ = {isa = PBXFileReference; fileEncoding = 4; lastKnownFileType = sourcecode.c.objc; path = MASConstraint.m; sourceTree = "<group>"; };
		B13393A21D499E6100324F52 /* MASConstraintMaker.h */ = {isa = PBXFileReference; fileEncoding = 4; lastKnownFileType = sourcecode.c.h; path = MASConstraintMaker.h; sourceTree = "<group>"; };
		B13393A31D499E6100324F52 /* MASConstraintMaker.m */ = {isa = PBXFileReference; fileEncoding = 4; lastKnownFileType = sourcecode.c.objc; path = MASConstraintMaker.m; sourceTree = "<group>"; };
		B13393A41D499E6100324F52 /* MASLayoutConstraint.h */ = {isa = PBXFileReference; fileEncoding = 4; lastKnownFileType = sourcecode.c.h; path = MASLayoutConstraint.h; sourceTree = "<group>"; };
		B13393A51D499E6100324F52 /* MASLayoutConstraint.m */ = {isa = PBXFileReference; fileEncoding = 4; lastKnownFileType = sourcecode.c.objc; path = MASLayoutConstraint.m; sourceTree = "<group>"; };
		B13393A61D499E6100324F52 /* Masonry.h */ = {isa = PBXFileReference; fileEncoding = 4; lastKnownFileType = sourcecode.c.h; path = Masonry.h; sourceTree = "<group>"; };
		B13393A71D499E6100324F52 /* MASUtilities.h */ = {isa = PBXFileReference; fileEncoding = 4; lastKnownFileType = sourcecode.c.h; path = MASUtilities.h; sourceTree = "<group>"; };
		B13393A81D499E6100324F52 /* MASViewAttribute.h */ = {isa = PBXFileReference; fileEncoding = 4; lastKnownFileType = sourcecode.c.h; path = MASViewAttribute.h; sourceTree = "<group>"; };
		B13393A91D499E6100324F52 /* MASViewAttribute.m */ = {isa = PBXFileReference; fileEncoding = 4; lastKnownFileType = sourcecode.c.objc; path = MASViewAttribute.m; sourceTree = "<group>"; };
		B13393AA1D499E6200324F52 /* MASViewConstraint.h */ = {isa = PBXFileReference; fileEncoding = 4; lastKnownFileType = sourcecode.c.h; path = MASViewConstraint.h; sourceTree = "<group>"; };
		B13393AB1D499E6200324F52 /* MASViewConstraint.m */ = {isa = PBXFileReference; fileEncoding = 4; lastKnownFileType = sourcecode.c.objc; path = MASViewConstraint.m; sourceTree = "<group>"; };
		B13393AC1D499E6200324F52 /* NSArray+MASAdditions.h */ = {isa = PBXFileReference; fileEncoding = 4; lastKnownFileType = sourcecode.c.h; path = "NSArray+MASAdditions.h"; sourceTree = "<group>"; };
		B13393AD1D499E6200324F52 /* NSArray+MASAdditions.m */ = {isa = PBXFileReference; fileEncoding = 4; lastKnownFileType = sourcecode.c.objc; path = "NSArray+MASAdditions.m"; sourceTree = "<group>"; };
		B13393AE1D499E6200324F52 /* NSArray+MASShorthandAdditions.h */ = {isa = PBXFileReference; fileEncoding = 4; lastKnownFileType = sourcecode.c.h; path = "NSArray+MASShorthandAdditions.h"; sourceTree = "<group>"; };
		B13393AF1D499E6200324F52 /* NSLayoutConstraint+MASDebugAdditions.h */ = {isa = PBXFileReference; fileEncoding = 4; lastKnownFileType = sourcecode.c.h; path = "NSLayoutConstraint+MASDebugAdditions.h"; sourceTree = "<group>"; };
		B13393B01D499E6200324F52 /* NSLayoutConstraint+MASDebugAdditions.m */ = {isa = PBXFileReference; fileEncoding = 4; lastKnownFileType = sourcecode.c.objc; path = "NSLayoutConstraint+MASDebugAdditions.m"; sourceTree = "<group>"; };
		B13393B11D499E6200324F52 /* View+MASAdditions.h */ = {isa = PBXFileReference; fileEncoding = 4; lastKnownFileType = sourcecode.c.h; path = "View+MASAdditions.h"; sourceTree = "<group>"; };
		B13393B21D499E6200324F52 /* View+MASAdditions.m */ = {isa = PBXFileReference; fileEncoding = 4; lastKnownFileType = sourcecode.c.objc; path = "View+MASAdditions.m"; sourceTree = "<group>"; };
		B13393B31D499E6200324F52 /* View+MASShorthandAdditions.h */ = {isa = PBXFileReference; fileEncoding = 4; lastKnownFileType = sourcecode.c.h; path = "View+MASShorthandAdditions.h"; sourceTree = "<group>"; };
		B13393B41D499E6200324F52 /* ViewController+MASAdditions.h */ = {isa = PBXFileReference; fileEncoding = 4; lastKnownFileType = sourcecode.c.h; path = "ViewController+MASAdditions.h"; sourceTree = "<group>"; };
		B13393B51D499E6200324F52 /* ViewController+MASAdditions.m */ = {isa = PBXFileReference; fileEncoding = 4; lastKnownFileType = sourcecode.c.objc; path = "ViewController+MASAdditions.m"; sourceTree = "<group>"; };
		B1E648B91D4EE23800544631 /* TEvaluateTagCell.h */ = {isa = PBXFileReference; fileEncoding = 4; lastKnownFileType = sourcecode.c.h; path = TEvaluateTagCell.h; sourceTree = "<group>"; };
		B1E648BA1D4EE23800544631 /* TEvaluateTagCell.m */ = {isa = PBXFileReference; fileEncoding = 4; lastKnownFileType = sourcecode.c.objc; path = TEvaluateTagCell.m; sourceTree = "<group>"; };
		B1E648BB1D4EE23800544631 /* TEvaluateTagCell.xib */ = {isa = PBXFileReference; fileEncoding = 4; lastKnownFileType = file.xib; path = TEvaluateTagCell.xib; sourceTree = "<group>"; };
		B1E648BF1D4EE62E00544631 /* UITableView+FDIndexPathHeightCache.h */ = {isa = PBXFileReference; fileEncoding = 4; lastKnownFileType = sourcecode.c.h; path = "UITableView+FDIndexPathHeightCache.h"; sourceTree = "<group>"; };
		B1E648C01D4EE62E00544631 /* UITableView+FDIndexPathHeightCache.m */ = {isa = PBXFileReference; fileEncoding = 4; lastKnownFileType = sourcecode.c.objc; path = "UITableView+FDIndexPathHeightCache.m"; sourceTree = "<group>"; };
		B1E648C11D4EE62E00544631 /* UITableView+FDKeyedHeightCache.h */ = {isa = PBXFileReference; fileEncoding = 4; lastKnownFileType = sourcecode.c.h; path = "UITableView+FDKeyedHeightCache.h"; sourceTree = "<group>"; };
		B1E648C21D4EE62E00544631 /* UITableView+FDKeyedHeightCache.m */ = {isa = PBXFileReference; fileEncoding = 4; lastKnownFileType = sourcecode.c.objc; path = "UITableView+FDKeyedHeightCache.m"; sourceTree = "<group>"; };
		B1E648C31D4EE62E00544631 /* UITableView+FDTemplateLayoutCell.h */ = {isa = PBXFileReference; fileEncoding = 4; lastKnownFileType = sourcecode.c.h; path = "UITableView+FDTemplateLayoutCell.h"; sourceTree = "<group>"; };
		B1E648C41D4EE62E00544631 /* UITableView+FDTemplateLayoutCell.m */ = {isa = PBXFileReference; fileEncoding = 4; lastKnownFileType = sourcecode.c.objc; path = "UITableView+FDTemplateLayoutCell.m"; sourceTree = "<group>"; };
		B1E648C51D4EE62E00544631 /* UITableView+FDTemplateLayoutCellDebug.h */ = {isa = PBXFileReference; fileEncoding = 4; lastKnownFileType = sourcecode.c.h; path = "UITableView+FDTemplateLayoutCellDebug.h"; sourceTree = "<group>"; };
		B1E648C61D4EE62E00544631 /* UITableView+FDTemplateLayoutCellDebug.m */ = {isa = PBXFileReference; fileEncoding = 4; lastKnownFileType = sourcecode.c.objc; path = "UITableView+FDTemplateLayoutCellDebug.m"; sourceTree = "<group>"; };
		B1E648CB1D4F1B1800544631 /* RKTagsCell.h */ = {isa = PBXFileReference; fileEncoding = 4; lastKnownFileType = sourcecode.c.h; path = RKTagsCell.h; sourceTree = "<group>"; };
		B1E648CC1D4F1B1800544631 /* RKTagsCell.m */ = {isa = PBXFileReference; fileEncoding = 4; lastKnownFileType = sourcecode.c.objc; path = RKTagsCell.m; sourceTree = "<group>"; };
		B1E648CD1D4F1B1800544631 /* RKTagsCell.xib */ = {isa = PBXFileReference; fileEncoding = 4; lastKnownFileType = file.xib; path = RKTagsCell.xib; sourceTree = "<group>"; };
		B1E648D01D4F24EA00544631 /* RKCustomButton.h */ = {isa = PBXFileReference; fileEncoding = 4; lastKnownFileType = sourcecode.c.h; path = RKCustomButton.h; sourceTree = "<group>"; };
		B1E648D11D4F24EA00544631 /* RKCustomButton.m */ = {isa = PBXFileReference; fileEncoding = 4; lastKnownFileType = sourcecode.c.objc; path = RKCustomButton.m; sourceTree = "<group>"; };
		B1E6BC321D518598001CFE76 /* ZLCWebView.h */ = {isa = PBXFileReference; fileEncoding = 4; lastKnownFileType = sourcecode.c.h; path = ZLCWebView.h; sourceTree = "<group>"; };
		B1E6BC331D518598001CFE76 /* ZLCWebView.m */ = {isa = PBXFileReference; fileEncoding = 4; lastKnownFileType = sourcecode.c.objc; path = ZLCWebView.m; sourceTree = "<group>"; };
		B1E6BC351D51C516001CFE76 /* TEvaluateTableView.h */ = {isa = PBXFileReference; fileEncoding = 4; lastKnownFileType = sourcecode.c.h; path = TEvaluateTableView.h; sourceTree = "<group>"; };
		B1E6BC361D51C516001CFE76 /* TEvaluateTableView.m */ = {isa = PBXFileReference; fileEncoding = 4; lastKnownFileType = sourcecode.c.objc; path = TEvaluateTableView.m; sourceTree = "<group>"; };
		B1E6BC381D51DCA2001CFE76 /* FJSlidingController.h */ = {isa = PBXFileReference; fileEncoding = 4; lastKnownFileType = sourcecode.c.h; path = FJSlidingController.h; sourceTree = "<group>"; };
		B1E6BC391D51DCA2001CFE76 /* FJSlidingController.m */ = {isa = PBXFileReference; fileEncoding = 4; lastKnownFileType = sourcecode.c.objc; path = FJSlidingController.m; sourceTree = "<group>"; };
		B1E6BC3B1D51E37E001CFE76 /* TCourseDetailController.h */ = {isa = PBXFileReference; fileEncoding = 4; lastKnownFileType = sourcecode.c.h; path = TCourseDetailController.h; sourceTree = "<group>"; };
		B1E6BC3C1D51E37E001CFE76 /* TCourseDetailController.m */ = {isa = PBXFileReference; fileEncoding = 4; lastKnownFileType = sourcecode.c.objc; path = TCourseDetailController.m; sourceTree = "<group>"; };
		B1E6BC3D1D51E37E001CFE76 /* TCourseDetailController.xib */ = {isa = PBXFileReference; fileEncoding = 4; lastKnownFileType = file.xib; path = TCourseDetailController.xib; sourceTree = "<group>"; };
		B1E6BC401D51E3B2001CFE76 /* TAuditionViewController.h */ = {isa = PBXFileReference; fileEncoding = 4; lastKnownFileType = sourcecode.c.h; path = TAuditionViewController.h; sourceTree = "<group>"; };
		B1E6BC411D51E3B2001CFE76 /* TAuditionViewController.m */ = {isa = PBXFileReference; fileEncoding = 4; lastKnownFileType = sourcecode.c.objc; path = TAuditionViewController.m; sourceTree = "<group>"; };
		B1E6BC421D51E3B2001CFE76 /* TAuditionViewController.xib */ = {isa = PBXFileReference; fileEncoding = 4; lastKnownFileType = file.xib; path = TAuditionViewController.xib; sourceTree = "<group>"; };
		B1E6BC451D51E3CB001CFE76 /* TEvaluateViewController.h */ = {isa = PBXFileReference; fileEncoding = 4; lastKnownFileType = sourcecode.c.h; path = TEvaluateViewController.h; sourceTree = "<group>"; };
		B1E6BC461D51E3CB001CFE76 /* TEvaluateViewController.m */ = {isa = PBXFileReference; fileEncoding = 4; lastKnownFileType = sourcecode.c.objc; path = TEvaluateViewController.m; sourceTree = "<group>"; };
		B1E6BC471D51E3CB001CFE76 /* TEvaluateViewController.xib */ = {isa = PBXFileReference; fileEncoding = 4; lastKnownFileType = file.xib; path = TEvaluateViewController.xib; sourceTree = "<group>"; };
		B1ED590D1D406F7800605C32 /* PrefixHeader.pch */ = {isa = PBXFileReference; lastKnownFileType = sourcecode.c.h; path = PrefixHeader.pch; sourceTree = "<group>"; };
/* End PBXFileReference section */

/* Begin PBXFrameworksBuildPhase section */
		B12FCEA01D405C910080B329 /* Frameworks */ = {
			isa = PBXFrameworksBuildPhase;
			buildActionMask = 2147483647;
			files = (
			);
			runOnlyForDeploymentPostprocessing = 0;
		};
/* End PBXFrameworksBuildPhase section */

/* Begin PBXGroup section */
		89FC94621D6C2B500079656F /* WMPageController */ = {
			isa = PBXGroup;
			children = (
				89FC94631D6C2B500079656F /* WMMenuView */,
				89FC946C1D6C2B500079656F /* WMPageConst.h */,
				89FC946D1D6C2B500079656F /* WMPageController.h */,
				89FC946E1D6C2B500079656F /* WMPageController.m */,
			);
			name = WMPageController;
			path = FDTemplateLayoutCell/WMPageController;
			sourceTree = "<group>";
		};
		89FC94631D6C2B500079656F /* WMMenuView */ = {
			isa = PBXGroup;
			children = (
				89FC94641D6C2B500079656F /* WMMenuItem.h */,
				89FC94651D6C2B500079656F /* WMMenuItem.m */,
				89FC94661D6C2B500079656F /* WMMenuView.h */,
				89FC94671D6C2B500079656F /* WMMenuView.m */,
				89FC94681D6C2B500079656F /* WMProgressView.h */,
				89FC94691D6C2B500079656F /* WMProgressView.m */,
				89FC946A1D6C2B500079656F /* WMScrollView.h */,
				89FC946B1D6C2B500079656F /* WMScrollView.m */,
			);
			path = WMMenuView;
			sourceTree = "<group>";
		};
		89FC94921D6C36740079656F /* MJRefresh */ = {
			isa = PBXGroup;
			children = (
				89FC94931D6C36740079656F /* Base */,
				89FC949E1D6C36740079656F /* Custom */,
				89FC94B51D6C36740079656F /* MJRefresh.bundle */,
				89FC94B61D6C36740079656F /* MJRefresh.h */,
				89FC94B71D6C36740079656F /* MJRefreshConst.h */,
				89FC94B81D6C36740079656F /* MJRefreshConst.m */,
				89FC94B91D6C36740079656F /* UIScrollView+MJExtension.h */,
				89FC94BA1D6C36740079656F /* UIScrollView+MJExtension.m */,
				89FC94BB1D6C36740079656F /* UIScrollView+MJRefresh.h */,
				89FC94BC1D6C36740079656F /* UIScrollView+MJRefresh.m */,
				89FC94BD1D6C36740079656F /* UIView+MJExtension.h */,
				89FC94BE1D6C36740079656F /* UIView+MJExtension.m */,
			);
			path = MJRefresh;
			sourceTree = "<group>";
		};
		89FC94931D6C36740079656F /* Base */ = {
			isa = PBXGroup;
			children = (
				89FC94941D6C36740079656F /* MJRefreshAutoFooter.h */,
				89FC94951D6C36740079656F /* MJRefreshAutoFooter.m */,
				89FC94961D6C36740079656F /* MJRefreshBackFooter.h */,
				89FC94971D6C36740079656F /* MJRefreshBackFooter.m */,
				89FC94981D6C36740079656F /* MJRefreshComponent.h */,
				89FC94991D6C36740079656F /* MJRefreshComponent.m */,
				89FC949A1D6C36740079656F /* MJRefreshFooter.h */,
				89FC949B1D6C36740079656F /* MJRefreshFooter.m */,
				89FC949C1D6C36740079656F /* MJRefreshHeader.h */,
				89FC949D1D6C36740079656F /* MJRefreshHeader.m */,
			);
			path = Base;
			sourceTree = "<group>";
		};
		89FC949E1D6C36740079656F /* Custom */ = {
			isa = PBXGroup;
			children = (
				89FC949F1D6C36740079656F /* Footer */,
				89FC94AE1D6C36740079656F /* Header */,
			);
			path = Custom;
			sourceTree = "<group>";
		};
		89FC949F1D6C36740079656F /* Footer */ = {
			isa = PBXGroup;
			children = (
				89FC94A01D6C36740079656F /* Auto */,
				89FC94A71D6C36740079656F /* Back */,
			);
			path = Footer;
			sourceTree = "<group>";
		};
		89FC94A01D6C36740079656F /* Auto */ = {
			isa = PBXGroup;
			children = (
				89FC94A11D6C36740079656F /* MJRefreshAutoGifFooter.h */,
				89FC94A21D6C36740079656F /* MJRefreshAutoGifFooter.m */,
				89FC94A31D6C36740079656F /* MJRefreshAutoNormalFooter.h */,
				89FC94A41D6C36740079656F /* MJRefreshAutoNormalFooter.m */,
				89FC94A51D6C36740079656F /* MJRefreshAutoStateFooter.h */,
				89FC94A61D6C36740079656F /* MJRefreshAutoStateFooter.m */,
			);
			path = Auto;
			sourceTree = "<group>";
		};
		89FC94A71D6C36740079656F /* Back */ = {
			isa = PBXGroup;
			children = (
				89FC94A81D6C36740079656F /* MJRefreshBackGifFooter.h */,
				89FC94A91D6C36740079656F /* MJRefreshBackGifFooter.m */,
				89FC94AA1D6C36740079656F /* MJRefreshBackNormalFooter.h */,
				89FC94AB1D6C36740079656F /* MJRefreshBackNormalFooter.m */,
				89FC94AC1D6C36740079656F /* MJRefreshBackStateFooter.h */,
				89FC94AD1D6C36740079656F /* MJRefreshBackStateFooter.m */,
			);
			path = Back;
			sourceTree = "<group>";
		};
		89FC94AE1D6C36740079656F /* Header */ = {
			isa = PBXGroup;
			children = (
				89FC94AF1D6C36740079656F /* MJRefreshGifHeader.h */,
				89FC94B01D6C36740079656F /* MJRefreshGifHeader.m */,
				89FC94B11D6C36740079656F /* MJRefreshNormalHeader.h */,
				89FC94B21D6C36740079656F /* MJRefreshNormalHeader.m */,
				89FC94B31D6C36740079656F /* MJRefreshStateHeader.h */,
				89FC94B41D6C36740079656F /* MJRefreshStateHeader.m */,
			);
			path = Header;
			sourceTree = "<group>";
		};
		B12FCE9A1D405C910080B329 = {
			isa = PBXGroup;
			children = (
				B12FCEA51D405C920080B329 /* T2TDemo */,
				B12FCEA41D405C910080B329 /* Products */,
			);
			sourceTree = "<group>";
		};
		B12FCEA41D405C910080B329 /* Products */ = {
			isa = PBXGroup;
			children = (
				B12FCEA31D405C910080B329 /* T2TDemo.app */,
			);
			name = Products;
			sourceTree = "<group>";
		};
		B12FCEA51D405C920080B329 /* T2TDemo */ = {
			isa = PBXGroup;
			children = (
				B12FCEA91D405C920080B329 /* AppDelegate.h */,
				B12FCEAA1D405C920080B329 /* AppDelegate.m */,
				B133936D1D499E6100324F52 /* Course */,
				B133939B1D499E6100324F52 /* Masonry */,
				B12FCEAF1D405C930080B329 /* Main.storyboard */,
				B1ED590D1D406F7800605C32 /* PrefixHeader.pch */,
				B12FCEB21D405C930080B329 /* Assets.xcassets */,
				B12FCEB41D405C930080B329 /* LaunchScreen.storyboard */,
				B12FCEB71D405C930080B329 /* Info.plist */,
				B12FCEA61D405C920080B329 /* Supporting Files */,
			);
			path = T2TDemo;
			sourceTree = "<group>";
		};
		B12FCEA61D405C920080B329 /* Supporting Files */ = {
			isa = PBXGroup;
			children = (
				B12FCEA71D405C920080B329 /* main.m */,
			);
			name = "Supporting Files";
			sourceTree = "<group>";
		};
		B133936D1D499E6100324F52 /* Course */ = {
			isa = PBXGroup;
			children = (
				B13393751D499E6100324F52 /* CourseDetailViewController.h */,
				B13393761D499E6100324F52 /* CourseDetailViewController.m */,
				B133936E1D499E6100324F52 /* TAuditionCell.h */,
				B133936F1D499E6100324F52 /* TAuditionCell.m */,
				B13393701D499E6100324F52 /* TAuditionCell.xib */,
				B1E6BC3B1D51E37E001CFE76 /* TCourseDetailController.h */,
				B1E6BC3C1D51E37E001CFE76 /* TCourseDetailController.m */,
				B1E6BC3D1D51E37E001CFE76 /* TCourseDetailController.xib */,
				B1E6BC401D51E3B2001CFE76 /* TAuditionViewController.h */,
				B1E6BC411D51E3B2001CFE76 /* TAuditionViewController.m */,
				B1E6BC421D51E3B2001CFE76 /* TAuditionViewController.xib */,
				B1E6BC451D51E3CB001CFE76 /* TEvaluateViewController.h */,
				B1E6BC461D51E3CB001CFE76 /* TEvaluateViewController.m */,
				B1E6BC471D51E3CB001CFE76 /* TEvaluateViewController.xib */,
				B13393711D499E6100324F52 /* TAuditionTableView.h */,
				B13393721D499E6100324F52 /* TAuditionTableView.m */,
				B13393731D499E6100324F52 /* Commom.h */,
				B13393741D499E6100324F52 /* Constants.h */,
				B13393771D499E6100324F52 /* TCourseHeaderView.h */,
				B13393781D499E6100324F52 /* TCourseHeaderView.m */,
				B1E6BC351D51C516001CFE76 /* TEvaluateTableView.h */,
				B1E6BC361D51C516001CFE76 /* TEvaluateTableView.m */,
				B13393791D499E6100324F52 /* TEvaluateCell.h */,
				B133937A1D499E6100324F52 /* TEvaluateCell.m */,
				B133937B1D499E6100324F52 /* TEvaluateCell.xib */,
				B1E648B91D4EE23800544631 /* TEvaluateTagCell.h */,
				B1E648BA1D4EE23800544631 /* TEvaluateTagCell.m */,
				B1E648BB1D4EE23800544631 /* TEvaluateTagCell.xib */,
				B133937E1D499E6100324F52 /* TCourseBottomView.h */,
				B133937F1D499E6100324F52 /* TCourseBottomView.m */,
				B13393801D499E6100324F52 /* LWLDetailScrollView.h */,
				B13393811D499E6100324F52 /* LWLDetailScrollView.m */,
				B13393821D499E6100324F52 /* TCourseNavHeaderView.h */,
				B13393831D499E6100324F52 /* TCourseNavHeaderView.m */,
				B133938D1D499E6100324F52 /* TCourseWebView.h */,
				B133938E1D499E6100324F52 /* TCourseWebView.m */,
				B1E6BC321D518598001CFE76 /* ZLCWebView.h */,
				B1E6BC331D518598001CFE76 /* ZLCWebView.m */,
				B1E6BC381D51DCA2001CFE76 /* FJSlidingController.h */,
				B1E6BC391D51DCA2001CFE76 /* FJSlidingController.m */,
				89FC94741D6C32420079656F /* CheshiViewController.h */,
				89FC94751D6C32420079656F /* CheshiViewController.m */,
				89FC94761D6C32420079656F /* CheshiViewController.xib */,
				89FC94921D6C36740079656F /* MJRefresh */,
				89FC94621D6C2B500079656F /* WMPageController */,
				B1E648BE1D4EE61000544631 /* FDTemplateLayoutCell */,
				B13393861D499E6100324F52 /* SKTagView */,
				B133938F1D499E6100324F52 /* Tags1 */,
				B1E648D41D4F283C00544631 /* RKTagsVIew */,
				B13393961D499E6100324F52 /* UIColor+Hex.h */,
				B13393971D499E6100324F52 /* UIColor+Hex.m */,
				B13393981D499E6100324F52 /* UIView+Additions.h */,
				B13393991D499E6100324F52 /* UIView+Additions.m */,
			);
			path = Course;
			sourceTree = "<group>";
		};
		B13393861D499E6100324F52 /* SKTagView */ = {
			isa = PBXGroup;
			children = (
				B13393871D499E6100324F52 /* SKTag.h */,
				B13393881D499E6100324F52 /* SKTag.m */,
				B13393891D499E6100324F52 /* SKTagButton.h */,
				B133938A1D499E6100324F52 /* SKTagButton.m */,
				B133938B1D499E6100324F52 /* SKTagView.h */,
				B133938C1D499E6100324F52 /* SKTagView.m */,
			);
			path = SKTagView;
			sourceTree = "<group>";
		};
		B133938F1D499E6100324F52 /* Tags1 */ = {
			isa = PBXGroup;
			children = (
				B13393901D499E6100324F52 /* TagsFrame.h */,
				B13393911D499E6100324F52 /* TagsFrame.m */,
				B13393921D499E6100324F52 /* TagsView.h */,
				B13393931D499E6100324F52 /* TagsView.m */,
			);
			path = Tags1;
			sourceTree = "<group>";
		};
		B133939B1D499E6100324F52 /* Masonry */ = {
			isa = PBXGroup;
			children = (
				B133939C1D499E6100324F52 /* Info.plist */,
				B133939D1D499E6100324F52 /* MASCompositeConstraint.h */,
				B133939E1D499E6100324F52 /* MASCompositeConstraint.m */,
				B133939F1D499E6100324F52 /* MASConstraint+Private.h */,
				B13393A01D499E6100324F52 /* MASConstraint.h */,
				B13393A11D499E6100324F52 /* MASConstraint.m */,
				B13393A21D499E6100324F52 /* MASConstraintMaker.h */,
				B13393A31D499E6100324F52 /* MASConstraintMaker.m */,
				B13393A41D499E6100324F52 /* MASLayoutConstraint.h */,
				B13393A51D499E6100324F52 /* MASLayoutConstraint.m */,
				B13393A61D499E6100324F52 /* Masonry.h */,
				B13393A71D499E6100324F52 /* MASUtilities.h */,
				B13393A81D499E6100324F52 /* MASViewAttribute.h */,
				B13393A91D499E6100324F52 /* MASViewAttribute.m */,
				B13393AA1D499E6200324F52 /* MASViewConstraint.h */,
				B13393AB1D499E6200324F52 /* MASViewConstraint.m */,
				B13393AC1D499E6200324F52 /* NSArray+MASAdditions.h */,
				B13393AD1D499E6200324F52 /* NSArray+MASAdditions.m */,
				B13393AE1D499E6200324F52 /* NSArray+MASShorthandAdditions.h */,
				B13393AF1D499E6200324F52 /* NSLayoutConstraint+MASDebugAdditions.h */,
				B13393B01D499E6200324F52 /* NSLayoutConstraint+MASDebugAdditions.m */,
				B13393B11D499E6200324F52 /* View+MASAdditions.h */,
				B13393B21D499E6200324F52 /* View+MASAdditions.m */,
				B13393B31D499E6200324F52 /* View+MASShorthandAdditions.h */,
				B13393B41D499E6200324F52 /* ViewController+MASAdditions.h */,
				B13393B51D499E6200324F52 /* ViewController+MASAdditions.m */,
			);
			path = Masonry;
			sourceTree = "<group>";
		};
		B1E648BE1D4EE61000544631 /* FDTemplateLayoutCell */ = {
			isa = PBXGroup;
			children = (
				B1E648BF1D4EE62E00544631 /* UITableView+FDIndexPathHeightCache.h */,
				B1E648C01D4EE62E00544631 /* UITableView+FDIndexPathHeightCache.m */,
				B1E648C11D4EE62E00544631 /* UITableView+FDKeyedHeightCache.h */,
				B1E648C21D4EE62E00544631 /* UITableView+FDKeyedHeightCache.m */,
				B1E648C31D4EE62E00544631 /* UITableView+FDTemplateLayoutCell.h */,
				B1E648C41D4EE62E00544631 /* UITableView+FDTemplateLayoutCell.m */,
				B1E648C51D4EE62E00544631 /* UITableView+FDTemplateLayoutCellDebug.h */,
				B1E648C61D4EE62E00544631 /* UITableView+FDTemplateLayoutCellDebug.m */,
			);
			path = FDTemplateLayoutCell;
			sourceTree = "<group>";
		};
		B1E648D41D4F283C00544631 /* RKTagsVIew */ = {
			isa = PBXGroup;
			children = (
				B13393841D499E6100324F52 /* RKTagsView.h */,
				B13393851D499E6100324F52 /* RKTagsView.m */,
				B13393941D499E6100324F52 /* TagsHedarView.h */,
				B13393951D499E6100324F52 /* TagsHedarView.m */,
				B1E648CB1D4F1B1800544631 /* RKTagsCell.h */,
				B1E648CC1D4F1B1800544631 /* RKTagsCell.m */,
				B1E648CD1D4F1B1800544631 /* RKTagsCell.xib */,
				B1E648D01D4F24EA00544631 /* RKCustomButton.h */,
				B1E648D11D4F24EA00544631 /* RKCustomButton.m */,
			);
			name = RKTagsVIew;
			sourceTree = "<group>";
		};
/* End PBXGroup section */

/* Begin PBXNativeTarget section */
		B12FCEA21D405C910080B329 /* T2TDemo */ = {
			isa = PBXNativeTarget;
			buildConfigurationList = B12FCEBA1D405C930080B329 /* Build configuration list for PBXNativeTarget "T2TDemo" */;
			buildPhases = (
				B12FCE9F1D405C910080B329 /* Sources */,
				B12FCEA01D405C910080B329 /* Frameworks */,
				B12FCEA11D405C910080B329 /* Resources */,
			);
			buildRules = (
			);
			dependencies = (
			);
			name = T2TDemo;
			productName = T2TDemo;
			productReference = B12FCEA31D405C910080B329 /* T2TDemo.app */;
			productType = "com.apple.product-type.application";
		};
/* End PBXNativeTarget section */

/* Begin PBXProject section */
		B12FCE9B1D405C910080B329 /* Project object */ = {
			isa = PBXProject;
			attributes = {
				LastUpgradeCheck = 0730;
				ORGANIZATIONNAME = "长沙二三三网络科技有限公司";
				TargetAttributes = {
					B12FCEA21D405C910080B329 = {
						CreatedOnToolsVersion = 7.3.1;
					};
				};
			};
			buildConfigurationList = B12FCE9E1D405C910080B329 /* Build configuration list for PBXProject "T2TDemo" */;
			compatibilityVersion = "Xcode 3.2";
			developmentRegion = English;
			hasScannedForEncodings = 0;
			knownRegions = (
				en,
				Base,
			);
			mainGroup = B12FCE9A1D405C910080B329;
			productRefGroup = B12FCEA41D405C910080B329 /* Products */;
			projectDirPath = "";
			projectRoot = "";
			targets = (
				B12FCEA21D405C910080B329 /* T2TDemo */,
			);
		};
/* End PBXProject section */

/* Begin PBXResourcesBuildPhase section */
		B12FCEA11D405C910080B329 /* Resources */ = {
			isa = PBXResourcesBuildPhase;
			buildActionMask = 2147483647;
			files = (
				89FC94781D6C32420079656F /* CheshiViewController.xib in Resources */,
				B1E6BC3F1D51E37E001CFE76 /* TCourseDetailController.xib in Resources */,
				B12FCEB61D405C930080B329 /* LaunchScreen.storyboard in Resources */,
				B1E6BC441D51E3B2001CFE76 /* TAuditionViewController.xib in Resources */,
				B13393B71D499E6200324F52 /* TAuditionCell.xib in Resources */,
				B1E648BD1D4EE23800544631 /* TEvaluateTagCell.xib in Resources */,
				B13393BC1D499E6200324F52 /* TEvaluateCell.xib in Resources */,
				89FC94CD1D6C36740079656F /* MJRefresh.bundle in Resources */,
				B13393CB1D499E6200324F52 /* Info.plist in Resources */,
				B12FCEB31D405C930080B329 /* Assets.xcassets in Resources */,
				B1E648CF1D4F1B1800544631 /* RKTagsCell.xib in Resources */,
				B1E6BC491D51E3CB001CFE76 /* TEvaluateViewController.xib in Resources */,
				B12FCEB11D405C930080B329 /* Main.storyboard in Resources */,
			);
			runOnlyForDeploymentPostprocessing = 0;
		};
/* End PBXResourcesBuildPhase section */

/* Begin PBXSourcesBuildPhase section */
		B12FCE9F1D405C910080B329 /* Sources */ = {
			isa = PBXSourcesBuildPhase;
			buildActionMask = 2147483647;
			files = (
				B13393D21D499E6200324F52 /* NSArray+MASAdditions.m in Sources */,
				89FC94701D6C2B500079656F /* WMMenuView.m in Sources */,
				B13393C51D499E6200324F52 /* TCourseWebView.m in Sources */,
				89FC94CA1D6C36740079656F /* MJRefreshGifHeader.m in Sources */,
				B13393C91D499E6200324F52 /* UIColor+Hex.m in Sources */,
				B1E648BC1D4EE23800544631 /* TEvaluateTagCell.m in Sources */,
				89FC94C51D6C36740079656F /* MJRefreshAutoNormalFooter.m in Sources */,
				B1E6BC431D51E3B2001CFE76 /* TAuditionViewController.m in Sources */,
				89FC94D11D6C36740079656F /* UIView+MJExtension.m in Sources */,
				B13393D31D499E6200324F52 /* NSLayoutConstraint+MASDebugAdditions.m in Sources */,
				89FC94C81D6C36740079656F /* MJRefreshBackNormalFooter.m in Sources */,
				B13393C81D499E6200324F52 /* TagsHedarView.m in Sources */,
				89FC94C11D6C36740079656F /* MJRefreshComponent.m in Sources */,
				B1E6BC371D51C516001CFE76 /* TEvaluateTableView.m in Sources */,
				B13393C71D499E6200324F52 /* TagsView.m in Sources */,
				89FC94CF1D6C36740079656F /* UIScrollView+MJExtension.m in Sources */,
				B1E6BC481D51E3CB001CFE76 /* TEvaluateViewController.m in Sources */,
				89FC94C41D6C36740079656F /* MJRefreshAutoGifFooter.m in Sources */,
				89FC94C21D6C36740079656F /* MJRefreshFooter.m in Sources */,
				89FC94C31D6C36740079656F /* MJRefreshHeader.m in Sources */,
				B13393BF1D499E6200324F52 /* LWLDetailScrollView.m in Sources */,
				89FC94C01D6C36740079656F /* MJRefreshBackFooter.m in Sources */,
				B13393CE1D499E6200324F52 /* MASConstraintMaker.m in Sources */,
				89FC94711D6C2B500079656F /* WMProgressView.m in Sources */,
				B1E648CE1D4F1B1800544631 /* RKTagsCell.m in Sources */,
				B13393D41D499E6200324F52 /* View+MASAdditions.m in Sources */,
				89FC94CE1D6C36740079656F /* MJRefreshConst.m in Sources */,
				B1E648C91D4EE62E00544631 /* UITableView+FDTemplateLayoutCell.m in Sources */,
				B1E648C71D4EE62E00544631 /* UITableView+FDIndexPathHeightCache.m in Sources */,
				B13393CD1D499E6200324F52 /* MASConstraint.m in Sources */,
				89FC94721D6C2B500079656F /* WMScrollView.m in Sources */,
				B12FCEAB1D405C920080B329 /* AppDelegate.m in Sources */,
				B13393D11D499E6200324F52 /* MASViewConstraint.m in Sources */,
				B13393C41D499E6200324F52 /* SKTagView.m in Sources */,
				B13393B61D499E6200324F52 /* TAuditionCell.m in Sources */,
				B13393C21D499E6200324F52 /* SKTag.m in Sources */,
				B13393C61D499E6200324F52 /* TagsFrame.m in Sources */,
				89FC94771D6C32420079656F /* CheshiViewController.m in Sources */,
				B1E6BC3E1D51E37E001CFE76 /* TCourseDetailController.m in Sources */,
				B1E648C81D4EE62E00544631 /* UITableView+FDKeyedHeightCache.m in Sources */,
				B1E648D21D4F24EA00544631 /* RKCustomButton.m in Sources */,
				89FC94BF1D6C36740079656F /* MJRefreshAutoFooter.m in Sources */,
				B13393BE1D499E6200324F52 /* TCourseBottomView.m in Sources */,
				89FC946F1D6C2B500079656F /* WMMenuItem.m in Sources */,
				89FC94C71D6C36740079656F /* MJRefreshBackGifFooter.m in Sources */,
				B13393CA1D499E6200324F52 /* UIView+Additions.m in Sources */,
				B13393C31D499E6200324F52 /* SKTagButton.m in Sources */,
				B1E648CA1D4EE62E00544631 /* UITableView+FDTemplateLayoutCellDebug.m in Sources */,
				89FC94731D6C2B500079656F /* WMPageController.m in Sources */,
				B13393D51D499E6200324F52 /* ViewController+MASAdditions.m in Sources */,
				B13393BA1D499E6200324F52 /* TCourseHeaderView.m in Sources */,
				B13393CF1D499E6200324F52 /* MASLayoutConstraint.m in Sources */,
				B13393B81D499E6200324F52 /* TAuditionTableView.m in Sources */,
				B13393CC1D499E6200324F52 /* MASCompositeConstraint.m in Sources */,
				B13393B91D499E6200324F52 /* CourseDetailViewController.m in Sources */,
				B1E6BC341D518598001CFE76 /* ZLCWebView.m in Sources */,
				B12FCEA81D405C920080B329 /* main.m in Sources */,
				89FC94D01D6C36740079656F /* UIScrollView+MJRefresh.m in Sources */,
				B13393BB1D499E6200324F52 /* TEvaluateCell.m in Sources */,
				B1E6BC3A1D51DCA2001CFE76 /* FJSlidingController.m in Sources */,
				89FC94C61D6C36740079656F /* MJRefreshAutoStateFooter.m in Sources */,
				89FC94C91D6C36740079656F /* MJRefreshBackStateFooter.m in Sources */,
				89FC94CC1D6C36740079656F /* MJRefreshStateHeader.m in Sources */,
				89FC94CB1D6C36740079656F /* MJRefreshNormalHeader.m in Sources */,
				B13393C11D499E6200324F52 /* RKTagsView.m in Sources */,
				B13393C01D499E6200324F52 /* TCourseNavHeaderView.m in Sources */,
				B13393D01D499E6200324F52 /* MASViewAttribute.m in Sources */,
			);
			runOnlyForDeploymentPostprocessing = 0;
		};
/* End PBXSourcesBuildPhase section */

/* Begin PBXVariantGroup section */
		B12FCEAF1D405C930080B329 /* Main.storyboard */ = {
			isa = PBXVariantGroup;
			children = (
				B12FCEB01D405C930080B329 /* Base */,
			);
			name = Main.storyboard;
			sourceTree = "<group>";
		};
		B12FCEB41D405C930080B329 /* LaunchScreen.storyboard */ = {
			isa = PBXVariantGroup;
			children = (
				B12FCEB51D405C930080B329 /* Base */,
			);
			name = LaunchScreen.storyboard;
			sourceTree = "<group>";
		};
/* End PBXVariantGroup section */

/* Begin XCBuildConfiguration section */
		B12FCEB81D405C930080B329 /* Debug */ = {
			isa = XCBuildConfiguration;
			buildSettings = {
				ALWAYS_SEARCH_USER_PATHS = NO;
				CLANG_ANALYZER_NONNULL = YES;
				CLANG_CXX_LANGUAGE_STANDARD = "gnu++0x";
				CLANG_CXX_LIBRARY = "libc++";
				CLANG_ENABLE_MODULES = YES;
				CLANG_ENABLE_OBJC_ARC = YES;
				CLANG_WARN_BOOL_CONVERSION = YES;
				CLANG_WARN_CONSTANT_CONVERSION = YES;
				CLANG_WARN_DIRECT_OBJC_ISA_USAGE = YES_ERROR;
				CLANG_WARN_EMPTY_BODY = YES;
				CLANG_WARN_ENUM_CONVERSION = YES;
				CLANG_WARN_INT_CONVERSION = YES;
				CLANG_WARN_OBJC_ROOT_CLASS = YES_ERROR;
				CLANG_WARN_UNREACHABLE_CODE = YES;
				CLANG_WARN__DUPLICATE_METHOD_MATCH = YES;
				"CODE_SIGN_IDENTITY[sdk=iphoneos*]" = "iPhone Developer";
				COPY_PHASE_STRIP = NO;
				DEBUG_INFORMATION_FORMAT = dwarf;
				ENABLE_STRICT_OBJC_MSGSEND = YES;
				ENABLE_TESTABILITY = YES;
				GCC_C_LANGUAGE_STANDARD = gnu99;
				GCC_DYNAMIC_NO_PIC = NO;
				GCC_NO_COMMON_BLOCKS = YES;
				GCC_OPTIMIZATION_LEVEL = 0;
				GCC_PREPROCESSOR_DEFINITIONS = (
					"DEBUG=1",
					"$(inherited)",
				);
				GCC_WARN_64_TO_32_BIT_CONVERSION = YES;
				GCC_WARN_ABOUT_RETURN_TYPE = YES_ERROR;
				GCC_WARN_UNDECLARED_SELECTOR = YES;
				GCC_WARN_UNINITIALIZED_AUTOS = YES_AGGRESSIVE;
				GCC_WARN_UNUSED_FUNCTION = YES;
				GCC_WARN_UNUSED_VARIABLE = YES;
				IPHONEOS_DEPLOYMENT_TARGET = 9.3;
				MTL_ENABLE_DEBUG_INFO = YES;
				ONLY_ACTIVE_ARCH = YES;
				SDKROOT = iphoneos;
			};
			name = Debug;
		};
		B12FCEB91D405C930080B329 /* Release */ = {
			isa = XCBuildConfiguration;
			buildSettings = {
				ALWAYS_SEARCH_USER_PATHS = NO;
				CLANG_ANALYZER_NONNULL = YES;
				CLANG_CXX_LANGUAGE_STANDARD = "gnu++0x";
				CLANG_CXX_LIBRARY = "libc++";
				CLANG_ENABLE_MODULES = YES;
				CLANG_ENABLE_OBJC_ARC = YES;
				CLANG_WARN_BOOL_CONVERSION = YES;
				CLANG_WARN_CONSTANT_CONVERSION = YES;
				CLANG_WARN_DIRECT_OBJC_ISA_USAGE = YES_ERROR;
				CLANG_WARN_EMPTY_BODY = YES;
				CLANG_WARN_ENUM_CONVERSION = YES;
				CLANG_WARN_INT_CONVERSION = YES;
				CLANG_WARN_OBJC_ROOT_CLASS = YES_ERROR;
				CLANG_WARN_UNREACHABLE_CODE = YES;
				CLANG_WARN__DUPLICATE_METHOD_MATCH = YES;
				"CODE_SIGN_IDENTITY[sdk=iphoneos*]" = "iPhone Developer";
				COPY_PHASE_STRIP = NO;
				DEBUG_INFORMATION_FORMAT = "dwarf-with-dsym";
				ENABLE_NS_ASSERTIONS = NO;
				ENABLE_STRICT_OBJC_MSGSEND = YES;
				GCC_C_LANGUAGE_STANDARD = gnu99;
				GCC_NO_COMMON_BLOCKS = YES;
				GCC_WARN_64_TO_32_BIT_CONVERSION = YES;
				GCC_WARN_ABOUT_RETURN_TYPE = YES_ERROR;
				GCC_WARN_UNDECLARED_SELECTOR = YES;
				GCC_WARN_UNINITIALIZED_AUTOS = YES_AGGRESSIVE;
				GCC_WARN_UNUSED_FUNCTION = YES;
				GCC_WARN_UNUSED_VARIABLE = YES;
				IPHONEOS_DEPLOYMENT_TARGET = 9.3;
				MTL_ENABLE_DEBUG_INFO = NO;
				SDKROOT = iphoneos;
				VALIDATE_PRODUCT = YES;
			};
			name = Release;
		};
		B12FCEBB1D405C930080B329 /* Debug */ = {
			isa = XCBuildConfiguration;
			buildSettings = {
				ASSETCATALOG_COMPILER_APPICON_NAME = AppIcon;
				GCC_PREFIX_HEADER = "$(SRCROOT)/T2TDemo/PrefixHeader.pch";
				INFOPLIST_FILE = T2TDemo/Info.plist;
				LD_RUNPATH_SEARCH_PATHS = "$(inherited) @executable_path/Frameworks";
				PRODUCT_BUNDLE_IDENTIFIER = com.233.T2TDemo;
				PRODUCT_NAME = "$(TARGET_NAME)";
			};
			name = Debug;
		};
		B12FCEBC1D405C930080B329 /* Release */ = {
			isa = XCBuildConfiguration;
			buildSettings = {
				ASSETCATALOG_COMPILER_APPICON_NAME = AppIcon;
				GCC_PREFIX_HEADER = "$(SRCROOT)/T2TDemo/PrefixHeader.pch";
				INFOPLIST_FILE = T2TDemo/Info.plist;
				LD_RUNPATH_SEARCH_PATHS = "$(inherited) @executable_path/Frameworks";
				PRODUCT_BUNDLE_IDENTIFIER = com.233.T2TDemo;
				PRODUCT_NAME = "$(TARGET_NAME)";
			};
			name = Release;
		};
/* End XCBuildConfiguration section */

/* Begin XCConfigurationList section */
		B12FCE9E1D405C910080B329 /* Build configuration list for PBXProject "T2TDemo" */ = {
			isa = XCConfigurationList;
			buildConfigurations = (
				B12FCEB81D405C930080B329 /* Debug */,
				B12FCEB91D405C930080B329 /* Release */,
			);
			defaultConfigurationIsVisible = 0;
			defaultConfigurationName = Release;
		};
		B12FCEBA1D405C930080B329 /* Build configuration list for PBXNativeTarget "T2TDemo" */ = {
			isa = XCConfigurationList;
			buildConfigurations = (
				B12FCEBB1D405C930080B329 /* Debug */,
				B12FCEBC1D405C930080B329 /* Release */,
			);
			defaultConfigurationIsVisible = 0;
			defaultConfigurationName = Release;
		};
/* End XCConfigurationList section */
	};
	rootObject = B12FCE9B1D405C910080B329 /* Project object */;
}
